// !$*UTF8*$!
{
	archiveVersion = 1;
	classes = {
	};
	objectVersion = 51;
	objects = {

/* Begin PBXBuildFile section */
		206461BEDB3CA0981E41ED70 /* Pods_BillFoldTests.framework in Frameworks */ = {isa = PBXBuildFile; fileRef = 638BCC19B57002A47FF5DA99 /* Pods_BillFoldTests.framework */; };
		37747C2D2470355D003BE056 /* AppDelegate.swift in Sources */ = {isa = PBXBuildFile; fileRef = 37747C2C2470355D003BE056 /* AppDelegate.swift */; };
		37747C2F2470355D003BE056 /* SceneDelegate.swift in Sources */ = {isa = PBXBuildFile; fileRef = 37747C2E2470355D003BE056 /* SceneDelegate.swift */; };
		37747C312470355D003BE056 /* CashViewController.swift in Sources */ = {isa = PBXBuildFile; fileRef = 37747C302470355D003BE056 /* CashViewController.swift */; };
		37747C342470355D003BE056 /* Main.storyboard in Resources */ = {isa = PBXBuildFile; fileRef = 37747C322470355D003BE056 /* Main.storyboard */; };
		37747C392470355E003BE056 /* LaunchScreen.storyboard in Resources */ = {isa = PBXBuildFile; fileRef = 37747C372470355E003BE056 /* LaunchScreen.storyboard */; };
		37747C442470355E003BE056 /* BillFoldTests.swift in Sources */ = {isa = PBXBuildFile; fileRef = 37747C432470355E003BE056 /* BillFoldTests.swift */; };
		37747C4F2470355F003BE056 /* BillFoldUITests.swift in Sources */ = {isa = PBXBuildFile; fileRef = 37747C4E2470355F003BE056 /* BillFoldUITests.swift */; };
		37747C5D247038D7003BE056 /* piggyBank.gif in Resources */ = {isa = PBXBuildFile; fileRef = 37747C5C247038D7003BE056 /* piggyBank.gif */; };
		37747C5F247039F6003BE056 /* piggyBank.jpg in Resources */ = {isa = PBXBuildFile; fileRef = 37747C5E247039F6003BE056 /* piggyBank.jpg */; };
		378883D3249E996200BF0931 /* coins.wav in Resources */ = {isa = PBXBuildFile; fileRef = 378883D2249E996200BF0931 /* coins.wav */; };
		37C35A2924980CB800804CB3 /* Fold.swift in Sources */ = {isa = PBXBuildFile; fileRef = 37C35A2824980CB800804CB3 /* Fold.swift */; };
		37C35A4D2499405D00804CB3 /* Assets.xcassets in Resources */ = {isa = PBXBuildFile; fileRef = 37C35A4C2499405D00804CB3 /* Assets.xcassets */; };
		37C35A4F249AE87D00804CB3 /* SwipeTableViewController.swift in Sources */ = {isa = PBXBuildFile; fileRef = 37C35A4E249AE87D00804CB3 /* SwipeTableViewController.swift */; };
		37C35A51249BF43900804CB3 /* piggyBankAdd.gif in Resources */ = {isa = PBXBuildFile; fileRef = 37C35A50249BF43800804CB3 /* piggyBankAdd.gif */; };
		37C35A53249C5BB100804CB3 /* piggyBankSub.gif in Resources */ = {isa = PBXBuildFile; fileRef = 37C35A52249C5BB100804CB3 /* piggyBankSub.gif */; };
		37FC8B15247840080009DDCD /* FoldsViewController.swift in Sources */ = {isa = PBXBuildFile; fileRef = 37FC8B14247840080009DDCD /* FoldsViewController.swift */; };
		665F004AC8AF8A35B545F702 /* Pods_BillFold.framework in Frameworks */ = {isa = PBXBuildFile; fileRef = 56F7E1084844BE4D18FB6CAB /* Pods_BillFold.framework */; };
		769213C21C3514E2F66D443D /* Pods_BillFold_BillFoldUITests.framework in Frameworks */ = {isa = PBXBuildFile; fileRef = 3BBD7BDECBE1CB3EE4197E5F /* Pods_BillFold_BillFoldUITests.framework */; };
/* End PBXBuildFile section */

/* Begin PBXContainerItemProxy section */
		37747C402470355E003BE056 /* PBXContainerItemProxy */ = {
			isa = PBXContainerItemProxy;
			containerPortal = 37747C212470355D003BE056 /* Project object */;
			proxyType = 1;
			remoteGlobalIDString = 37747C282470355D003BE056;
			remoteInfo = BillFold;
		};
		37747C4B2470355F003BE056 /* PBXContainerItemProxy */ = {
			isa = PBXContainerItemProxy;
			containerPortal = 37747C212470355D003BE056 /* Project object */;
			proxyType = 1;
			remoteGlobalIDString = 37747C282470355D003BE056;
			remoteInfo = BillFold;
		};
/* End PBXContainerItemProxy section */

/* Begin PBXFileReference section */
		12B34C35F73102421844AE94 /* Pods-BillFold.release.xcconfig */ = {isa = PBXFileReference; includeInIndex = 1; lastKnownFileType = text.xcconfig; name = "Pods-BillFold.release.xcconfig"; path = "Target Support Files/Pods-BillFold/Pods-BillFold.release.xcconfig"; sourceTree = "<group>"; };
		372C29742473143F0065476D /* BillFold.entitlements */ = {isa = PBXFileReference; lastKnownFileType = text.plist.entitlements; path = BillFold.entitlements; sourceTree = "<group>"; };
		37747C292470355D003BE056 /* BillFold.app */ = {isa = PBXFileReference; explicitFileType = wrapper.application; includeInIndex = 0; path = BillFold.app; sourceTree = BUILT_PRODUCTS_DIR; };
		37747C2C2470355D003BE056 /* AppDelegate.swift */ = {isa = PBXFileReference; lastKnownFileType = sourcecode.swift; path = AppDelegate.swift; sourceTree = "<group>"; };
		37747C2E2470355D003BE056 /* SceneDelegate.swift */ = {isa = PBXFileReference; lastKnownFileType = sourcecode.swift; path = SceneDelegate.swift; sourceTree = "<group>"; };
		37747C302470355D003BE056 /* CashViewController.swift */ = {isa = PBXFileReference; lastKnownFileType = sourcecode.swift; path = CashViewController.swift; sourceTree = "<group>"; };
		37747C332470355D003BE056 /* Base */ = {isa = PBXFileReference; lastKnownFileType = file.storyboard; name = Base; path = Base.lproj/Main.storyboard; sourceTree = "<group>"; };
		37747C382470355E003BE056 /* Base */ = {isa = PBXFileReference; lastKnownFileType = file.storyboard; name = Base; path = Base.lproj/LaunchScreen.storyboard; sourceTree = "<group>"; };
		37747C3A2470355E003BE056 /* Info.plist */ = {isa = PBXFileReference; lastKnownFileType = text.plist.xml; path = Info.plist; sourceTree = "<group>"; };
		37747C3F2470355E003BE056 /* BillFoldTests.xctest */ = {isa = PBXFileReference; explicitFileType = wrapper.cfbundle; includeInIndex = 0; path = BillFoldTests.xctest; sourceTree = BUILT_PRODUCTS_DIR; };
		37747C432470355E003BE056 /* BillFoldTests.swift */ = {isa = PBXFileReference; lastKnownFileType = sourcecode.swift; path = BillFoldTests.swift; sourceTree = "<group>"; };
		37747C452470355E003BE056 /* Info.plist */ = {isa = PBXFileReference; lastKnownFileType = text.plist.xml; path = Info.plist; sourceTree = "<group>"; };
		37747C4A2470355F003BE056 /* BillFoldUITests.xctest */ = {isa = PBXFileReference; explicitFileType = wrapper.cfbundle; includeInIndex = 0; path = BillFoldUITests.xctest; sourceTree = BUILT_PRODUCTS_DIR; };
		37747C4E2470355F003BE056 /* BillFoldUITests.swift */ = {isa = PBXFileReference; lastKnownFileType = sourcecode.swift; path = BillFoldUITests.swift; sourceTree = "<group>"; };
		37747C502470355F003BE056 /* Info.plist */ = {isa = PBXFileReference; lastKnownFileType = text.plist.xml; path = Info.plist; sourceTree = "<group>"; };
		37747C5C247038D7003BE056 /* piggyBank.gif */ = {isa = PBXFileReference; lastKnownFileType = image.gif; name = piggyBank.gif; path = Documentation/piggyBank.gif; sourceTree = SOURCE_ROOT; };
		37747C5E247039F6003BE056 /* piggyBank.jpg */ = {isa = PBXFileReference; lastKnownFileType = image.jpeg; name = piggyBank.jpg; path = Documentation/piggyBank.jpg; sourceTree = SOURCE_ROOT; };
		378883D2249E996200BF0931 /* coins.wav */ = {isa = PBXFileReference; lastKnownFileType = audio.wav; path = coins.wav; sourceTree = "<group>"; };
		37C35A2824980CB800804CB3 /* Fold.swift */ = {isa = PBXFileReference; lastKnownFileType = sourcecode.swift; path = Fold.swift; sourceTree = "<group>"; };
		37C35A4C2499405D00804CB3 /* Assets.xcassets */ = {isa = PBXFileReference; lastKnownFileType = folder.assetcatalog; path = Assets.xcassets; sourceTree = "<group>"; };
		37C35A4E249AE87D00804CB3 /* SwipeTableViewController.swift */ = {isa = PBXFileReference; lastKnownFileType = sourcecode.swift; path = SwipeTableViewController.swift; sourceTree = "<group>"; };
		37C35A50249BF43800804CB3 /* piggyBankAdd.gif */ = {isa = PBXFileReference; lastKnownFileType = image.gif; path = piggyBankAdd.gif; sourceTree = "<group>"; };
		37C35A52249C5BB100804CB3 /* piggyBankSub.gif */ = {isa = PBXFileReference; lastKnownFileType = image.gif; path = piggyBankSub.gif; sourceTree = "<group>"; };
		37FC8B14247840080009DDCD /* FoldsViewController.swift */ = {isa = PBXFileReference; lastKnownFileType = sourcecode.swift; path = FoldsViewController.swift; sourceTree = "<group>"; };
		3BBD7BDECBE1CB3EE4197E5F /* Pods_BillFold_BillFoldUITests.framework */ = {isa = PBXFileReference; explicitFileType = wrapper.framework; includeInIndex = 0; path = Pods_BillFold_BillFoldUITests.framework; sourceTree = BUILT_PRODUCTS_DIR; };
		56F7E1084844BE4D18FB6CAB /* Pods_BillFold.framework */ = {isa = PBXFileReference; explicitFileType = wrapper.framework; includeInIndex = 0; path = Pods_BillFold.framework; sourceTree = BUILT_PRODUCTS_DIR; };
		638BCC19B57002A47FF5DA99 /* Pods_BillFoldTests.framework */ = {isa = PBXFileReference; explicitFileType = wrapper.framework; includeInIndex = 0; path = Pods_BillFoldTests.framework; sourceTree = BUILT_PRODUCTS_DIR; };
		6B9F6EE13B7AB8B7CEB7BF55 /* Pods-BillFoldTests.release.xcconfig */ = {isa = PBXFileReference; includeInIndex = 1; lastKnownFileType = text.xcconfig; name = "Pods-BillFoldTests.release.xcconfig"; path = "Target Support Files/Pods-BillFoldTests/Pods-BillFoldTests.release.xcconfig"; sourceTree = "<group>"; };
		AF933EBE024176A01830827B /* Pods-BillFoldTests.debug.xcconfig */ = {isa = PBXFileReference; includeInIndex = 1; lastKnownFileType = text.xcconfig; name = "Pods-BillFoldTests.debug.xcconfig"; path = "Target Support Files/Pods-BillFoldTests/Pods-BillFoldTests.debug.xcconfig"; sourceTree = "<group>"; };
		B8D33321478142FBFA88C3DE /* Pods-BillFold-BillFoldUITests.release.xcconfig */ = {isa = PBXFileReference; includeInIndex = 1; lastKnownFileType = text.xcconfig; name = "Pods-BillFold-BillFoldUITests.release.xcconfig"; path = "Target Support Files/Pods-BillFold-BillFoldUITests/Pods-BillFold-BillFoldUITests.release.xcconfig"; sourceTree = "<group>"; };
		C47B1AB26D3A302EAFD63E8F /* Pods-BillFold-BillFoldUITests.debug.xcconfig */ = {isa = PBXFileReference; includeInIndex = 1; lastKnownFileType = text.xcconfig; name = "Pods-BillFold-BillFoldUITests.debug.xcconfig"; path = "Target Support Files/Pods-BillFold-BillFoldUITests/Pods-BillFold-BillFoldUITests.debug.xcconfig"; sourceTree = "<group>"; };
		E37CE6C0A6A087A0D0E88AA4 /* Pods-BillFold.debug.xcconfig */ = {isa = PBXFileReference; includeInIndex = 1; lastKnownFileType = text.xcconfig; name = "Pods-BillFold.debug.xcconfig"; path = "Target Support Files/Pods-BillFold/Pods-BillFold.debug.xcconfig"; sourceTree = "<group>"; };
/* End PBXFileReference section */

/* Begin PBXFrameworksBuildPhase section */
		37747C262470355D003BE056 /* Frameworks */ = {
			isa = PBXFrameworksBuildPhase;
			buildActionMask = 2147483647;
			files = (
				665F004AC8AF8A35B545F702 /* Pods_BillFold.framework in Frameworks */,
			);
			runOnlyForDeploymentPostprocessing = 0;
		};
		37747C3C2470355E003BE056 /* Frameworks */ = {
			isa = PBXFrameworksBuildPhase;
			buildActionMask = 2147483647;
			files = (
				206461BEDB3CA0981E41ED70 /* Pods_BillFoldTests.framework in Frameworks */,
			);
			runOnlyForDeploymentPostprocessing = 0;
		};
		37747C472470355F003BE056 /* Frameworks */ = {
			isa = PBXFrameworksBuildPhase;
			buildActionMask = 2147483647;
			files = (
				769213C21C3514E2F66D443D /* Pods_BillFold_BillFoldUITests.framework in Frameworks */,
			);
			runOnlyForDeploymentPostprocessing = 0;
		};
/* End PBXFrameworksBuildPhase section */

/* Begin PBXGroup section */
		37747C202470355D003BE056 = {
			isa = PBXGroup;
			children = (
				37747C2B2470355D003BE056 /* BillFold */,
				37747C422470355E003BE056 /* BillFoldTests */,
				37747C4D2470355F003BE056 /* BillFoldUITests */,
				37747C2A2470355D003BE056 /* Products */,
				6FE8116386F6297F2F27FF7E /* Pods */,
				DE9A306AB5608416BD7C61D6 /* Frameworks */,
			);
			sourceTree = "<group>";
		};
		37747C2A2470355D003BE056 /* Products */ = {
			isa = PBXGroup;
			children = (
				37747C292470355D003BE056 /* BillFold.app */,
				37747C3F2470355E003BE056 /* BillFoldTests.xctest */,
				37747C4A2470355F003BE056 /* BillFoldUITests.xctest */,
			);
			name = Products;
			sourceTree = "<group>";
		};
		37747C2B2470355D003BE056 /* BillFold */ = {
			isa = PBXGroup;
			children = (
				372C29742473143F0065476D /* BillFold.entitlements */,
				37747C2C2470355D003BE056 /* AppDelegate.swift */,
				37747C2E2470355D003BE056 /* SceneDelegate.swift */,
				37FC8B1024783C0E0009DDCD /* Model */,
				37FC8B0F24783BEE0009DDCD /* Views */,
				37FC8B0E24783BD80009DDCD /* Controllers */,
				378883D4249E999100BF0931 /* Sounds */,
				37747C60247039FC003BE056 /* Images */,
				37747C3A2470355E003BE056 /* Info.plist */,
				37C35A4C2499405D00804CB3 /* Assets.xcassets */,
			);
			path = BillFold;
			sourceTree = "<group>";
		};
		37747C422470355E003BE056 /* BillFoldTests */ = {
			isa = PBXGroup;
			children = (
				37747C432470355E003BE056 /* BillFoldTests.swift */,
				37747C452470355E003BE056 /* Info.plist */,
			);
			path = BillFoldTests;
			sourceTree = "<group>";
		};
		37747C4D2470355F003BE056 /* BillFoldUITests */ = {
			isa = PBXGroup;
			children = (
				37747C4E2470355F003BE056 /* BillFoldUITests.swift */,
				37747C502470355F003BE056 /* Info.plist */,
			);
			path = BillFoldUITests;
			sourceTree = "<group>";
		};
		37747C60247039FC003BE056 /* Images */ = {
			isa = PBXGroup;
			children = (
				37C35A50249BF43800804CB3 /* piggyBankAdd.gif */,
				37747C5C247038D7003BE056 /* piggyBank.gif */,
				37747C5E247039F6003BE056 /* piggyBank.jpg */,
				37C35A52249C5BB100804CB3 /* piggyBankSub.gif */,
			);
			path = Images;
			sourceTree = "<group>";
		};
		378883D4249E999100BF0931 /* Sounds */ = {
			isa = PBXGroup;
			children = (
				378883D2249E996200BF0931 /* coins.wav */,
			);
			path = Sounds;
			sourceTree = "<group>";
		};
		37FC8B0E24783BD80009DDCD /* Controllers */ = {
			isa = PBXGroup;
			children = (
				37747C302470355D003BE056 /* CashViewController.swift */,
				37FC8B14247840080009DDCD /* FoldsViewController.swift */,
				37C35A4E249AE87D00804CB3 /* SwipeTableViewController.swift */,
			);
			path = Controllers;
			sourceTree = "<group>";
		};
		37FC8B0F24783BEE0009DDCD /* Views */ = {
			isa = PBXGroup;
			children = (
				37747C322470355D003BE056 /* Main.storyboard */,
				37747C372470355E003BE056 /* LaunchScreen.storyboard */,
			);
			path = Views;
			sourceTree = "<group>";
		};
		37FC8B1024783C0E0009DDCD /* Model */ = {
			isa = PBXGroup;
			children = (
				37C35A2824980CB800804CB3 /* Fold.swift */,
			);
			path = Model;
			sourceTree = "<group>";
		};
		6FE8116386F6297F2F27FF7E /* Pods */ = {
			isa = PBXGroup;
			children = (
				E37CE6C0A6A087A0D0E88AA4 /* Pods-BillFold.debug.xcconfig */,
				12B34C35F73102421844AE94 /* Pods-BillFold.release.xcconfig */,
				C47B1AB26D3A302EAFD63E8F /* Pods-BillFold-BillFoldUITests.debug.xcconfig */,
				B8D33321478142FBFA88C3DE /* Pods-BillFold-BillFoldUITests.release.xcconfig */,
				AF933EBE024176A01830827B /* Pods-BillFoldTests.debug.xcconfig */,
				6B9F6EE13B7AB8B7CEB7BF55 /* Pods-BillFoldTests.release.xcconfig */,
			);
			path = Pods;
			sourceTree = "<group>";
		};
		DE9A306AB5608416BD7C61D6 /* Frameworks */ = {
			isa = PBXGroup;
			children = (
				56F7E1084844BE4D18FB6CAB /* Pods_BillFold.framework */,
				3BBD7BDECBE1CB3EE4197E5F /* Pods_BillFold_BillFoldUITests.framework */,
				638BCC19B57002A47FF5DA99 /* Pods_BillFoldTests.framework */,
			);
			name = Frameworks;
			sourceTree = "<group>";
		};
/* End PBXGroup section */

/* Begin PBXNativeTarget section */
		37747C282470355D003BE056 /* BillFold */ = {
			isa = PBXNativeTarget;
			buildConfigurationList = 37747C532470355F003BE056 /* Build configuration list for PBXNativeTarget "BillFold" */;
			buildPhases = (
				8EA2B4C2D2E81A52F6E259A0 /* [CP] Check Pods Manifest.lock */,
				37747C252470355D003BE056 /* Sources */,
				37747C262470355D003BE056 /* Frameworks */,
				37747C272470355D003BE056 /* Resources */,
				250E7347C211CEADB390D256 /* [CP] Embed Pods Frameworks */,
			);
			buildRules = (
			);
			dependencies = (
			);
			name = BillFold;
			productName = BillFold;
			productReference = 37747C292470355D003BE056 /* BillFold.app */;
			productType = "com.apple.product-type.application";
		};
		37747C3E2470355E003BE056 /* BillFoldTests */ = {
			isa = PBXNativeTarget;
			buildConfigurationList = 37747C562470355F003BE056 /* Build configuration list for PBXNativeTarget "BillFoldTests" */;
			buildPhases = (
				703970A193A5CE68C5DFDA3E /* [CP] Check Pods Manifest.lock */,
				37747C3B2470355E003BE056 /* Sources */,
				37747C3C2470355E003BE056 /* Frameworks */,
				37747C3D2470355E003BE056 /* Resources */,
			);
			buildRules = (
			);
			dependencies = (
				37747C412470355E003BE056 /* PBXTargetDependency */,
			);
			name = BillFoldTests;
			productName = BillFoldTests;
			productReference = 37747C3F2470355E003BE056 /* BillFoldTests.xctest */;
			productType = "com.apple.product-type.bundle.unit-test";
		};
		37747C492470355F003BE056 /* BillFoldUITests */ = {
			isa = PBXNativeTarget;
			buildConfigurationList = 37747C592470355F003BE056 /* Build configuration list for PBXNativeTarget "BillFoldUITests" */;
			buildPhases = (
				2432D51A6B56C1F84C54E0E2 /* [CP] Check Pods Manifest.lock */,
				37747C462470355F003BE056 /* Sources */,
				37747C472470355F003BE056 /* Frameworks */,
				37747C482470355F003BE056 /* Resources */,
				4B82A8F59824A692CD7C1013 /* [CP] Embed Pods Frameworks */,
			);
			buildRules = (
			);
			dependencies = (
				37747C4C2470355F003BE056 /* PBXTargetDependency */,
			);
			name = BillFoldUITests;
			productName = BillFoldUITests;
			productReference = 37747C4A2470355F003BE056 /* BillFoldUITests.xctest */;
			productType = "com.apple.product-type.bundle.ui-testing";
		};
/* End PBXNativeTarget section */

/* Begin PBXProject section */
		37747C212470355D003BE056 /* Project object */ = {
			isa = PBXProject;
			attributes = {
				LastSwiftUpdateCheck = 1140;
				LastUpgradeCheck = 1140;
				ORGANIZATIONNAME = "Simon Schueller";
				TargetAttributes = {
					37747C282470355D003BE056 = {
						CreatedOnToolsVersion = 11.4.1;
					};
					37747C3E2470355E003BE056 = {
						CreatedOnToolsVersion = 11.4.1;
						TestTargetID = 37747C282470355D003BE056;
					};
					37747C492470355F003BE056 = {
						CreatedOnToolsVersion = 11.4.1;
						TestTargetID = 37747C282470355D003BE056;
					};
				};
			};
			buildConfigurationList = 37747C242470355D003BE056 /* Build configuration list for PBXProject "BillFold" */;
			compatibilityVersion = "Xcode 9.3";
			developmentRegion = en;
			hasScannedForEncodings = 0;
			knownRegions = (
				en,
				Base,
			);
			mainGroup = 37747C202470355D003BE056;
			productRefGroup = 37747C2A2470355D003BE056 /* Products */;
			projectDirPath = "";
			projectRoot = "";
			targets = (
				37747C282470355D003BE056 /* BillFold */,
				37747C3E2470355E003BE056 /* BillFoldTests */,
				37747C492470355F003BE056 /* BillFoldUITests */,
			);
		};
/* End PBXProject section */

/* Begin PBXResourcesBuildPhase section */
		37747C272470355D003BE056 /* Resources */ = {
			isa = PBXResourcesBuildPhase;
			buildActionMask = 2147483647;
			files = (
				37747C392470355E003BE056 /* LaunchScreen.storyboard in Resources */,
				378883D3249E996200BF0931 /* coins.wav in Resources */,
				37C35A51249BF43900804CB3 /* piggyBankAdd.gif in Resources */,
				37747C5D247038D7003BE056 /* piggyBank.gif in Resources */,
				37747C5F247039F6003BE056 /* piggyBank.jpg in Resources */,
				37747C342470355D003BE056 /* Main.storyboard in Resources */,
				37C35A53249C5BB100804CB3 /* piggyBankSub.gif in Resources */,
				37C35A4D2499405D00804CB3 /* Assets.xcassets in Resources */,
			);
			runOnlyForDeploymentPostprocessing = 0;
		};
		37747C3D2470355E003BE056 /* Resources */ = {
			isa = PBXResourcesBuildPhase;
			buildActionMask = 2147483647;
			files = (
			);
			runOnlyForDeploymentPostprocessing = 0;
		};
		37747C482470355F003BE056 /* Resources */ = {
			isa = PBXResourcesBuildPhase;
			buildActionMask = 2147483647;
			files = (
			);
			runOnlyForDeploymentPostprocessing = 0;
		};
/* End PBXResourcesBuildPhase section */

/* Begin PBXShellScriptBuildPhase section */
		2432D51A6B56C1F84C54E0E2 /* [CP] Check Pods Manifest.lock */ = {
			isa = PBXShellScriptBuildPhase;
			buildActionMask = 2147483647;
			files = (
			);
			inputFileListPaths = (
			);
			inputPaths = (
				"${PODS_PODFILE_DIR_PATH}/Podfile.lock",
				"${PODS_ROOT}/Manifest.lock",
			);
			name = "[CP] Check Pods Manifest.lock";
			outputFileListPaths = (
			);
			outputPaths = (
				"$(DERIVED_FILE_DIR)/Pods-BillFold-BillFoldUITests-checkManifestLockResult.txt",
			);
			runOnlyForDeploymentPostprocessing = 0;
			shellPath = /bin/sh;
			shellScript = "diff \"${PODS_PODFILE_DIR_PATH}/Podfile.lock\" \"${PODS_ROOT}/Manifest.lock\" > /dev/null\nif [ $? != 0 ] ; then\n    # print error to STDERR\n    echo \"error: The sandbox is not in sync with the Podfile.lock. Run 'pod install' or update your CocoaPods installation.\" >&2\n    exit 1\nfi\n# This output is used by Xcode 'outputs' to avoid re-running this script phase.\necho \"SUCCESS\" > \"${SCRIPT_OUTPUT_FILE_0}\"\n";
			showEnvVarsInLog = 0;
		};
		250E7347C211CEADB390D256 /* [CP] Embed Pods Frameworks */ = {
			isa = PBXShellScriptBuildPhase;
			buildActionMask = 2147483647;
			files = (
			);
			inputFileListPaths = (
				"${PODS_ROOT}/Target Support Files/Pods-BillFold/Pods-BillFold-frameworks-${CONFIGURATION}-input-files.xcfilelist",
			);
			name = "[CP] Embed Pods Frameworks";
			outputFileListPaths = (
				"${PODS_ROOT}/Target Support Files/Pods-BillFold/Pods-BillFold-frameworks-${CONFIGURATION}-output-files.xcfilelist",
			);
			runOnlyForDeploymentPostprocessing = 0;
			shellPath = /bin/sh;
			shellScript = "\"${PODS_ROOT}/Target Support Files/Pods-BillFold/Pods-BillFold-frameworks.sh\"\n";
			showEnvVarsInLog = 0;
		};
		4B82A8F59824A692CD7C1013 /* [CP] Embed Pods Frameworks */ = {
			isa = PBXShellScriptBuildPhase;
			buildActionMask = 2147483647;
			files = (
			);
			inputFileListPaths = (
				"${PODS_ROOT}/Target Support Files/Pods-BillFold-BillFoldUITests/Pods-BillFold-BillFoldUITests-frameworks-${CONFIGURATION}-input-files.xcfilelist",
			);
			name = "[CP] Embed Pods Frameworks";
			outputFileListPaths = (
				"${PODS_ROOT}/Target Support Files/Pods-BillFold-BillFoldUITests/Pods-BillFold-BillFoldUITests-frameworks-${CONFIGURATION}-output-files.xcfilelist",
			);
			runOnlyForDeploymentPostprocessing = 0;
			shellPath = /bin/sh;
			shellScript = "\"${PODS_ROOT}/Target Support Files/Pods-BillFold-BillFoldUITests/Pods-BillFold-BillFoldUITests-frameworks.sh\"\n";
			showEnvVarsInLog = 0;
		};
		703970A193A5CE68C5DFDA3E /* [CP] Check Pods Manifest.lock */ = {
			isa = PBXShellScriptBuildPhase;
			buildActionMask = 2147483647;
			files = (
			);
			inputFileListPaths = (
			);
			inputPaths = (
				"${PODS_PODFILE_DIR_PATH}/Podfile.lock",
				"${PODS_ROOT}/Manifest.lock",
			);
			name = "[CP] Check Pods Manifest.lock";
			outputFileListPaths = (
			);
			outputPaths = (
				"$(DERIVED_FILE_DIR)/Pods-BillFoldTests-checkManifestLockResult.txt",
			);
			runOnlyForDeploymentPostprocessing = 0;
			shellPath = /bin/sh;
			shellScript = "diff \"${PODS_PODFILE_DIR_PATH}/Podfile.lock\" \"${PODS_ROOT}/Manifest.lock\" > /dev/null\nif [ $? != 0 ] ; then\n    # print error to STDERR\n    echo \"error: The sandbox is not in sync with the Podfile.lock. Run 'pod install' or update your CocoaPods installation.\" >&2\n    exit 1\nfi\n# This output is used by Xcode 'outputs' to avoid re-running this script phase.\necho \"SUCCESS\" > \"${SCRIPT_OUTPUT_FILE_0}\"\n";
			showEnvVarsInLog = 0;
		};
		8EA2B4C2D2E81A52F6E259A0 /* [CP] Check Pods Manifest.lock */ = {
			isa = PBXShellScriptBuildPhase;
			buildActionMask = 2147483647;
			files = (
			);
			inputFileListPaths = (
			);
			inputPaths = (
				"${PODS_PODFILE_DIR_PATH}/Podfile.lock",
				"${PODS_ROOT}/Manifest.lock",
			);
			name = "[CP] Check Pods Manifest.lock";
			outputFileListPaths = (
			);
			outputPaths = (
				"$(DERIVED_FILE_DIR)/Pods-BillFold-checkManifestLockResult.txt",
			);
			runOnlyForDeploymentPostprocessing = 0;
			shellPath = /bin/sh;
			shellScript = "diff \"${PODS_PODFILE_DIR_PATH}/Podfile.lock\" \"${PODS_ROOT}/Manifest.lock\" > /dev/null\nif [ $? != 0 ] ; then\n    # print error to STDERR\n    echo \"error: The sandbox is not in sync with the Podfile.lock. Run 'pod install' or update your CocoaPods installation.\" >&2\n    exit 1\nfi\n# This output is used by Xcode 'outputs' to avoid re-running this script phase.\necho \"SUCCESS\" > \"${SCRIPT_OUTPUT_FILE_0}\"\n";
			showEnvVarsInLog = 0;
		};
/* End PBXShellScriptBuildPhase section */

/* Begin PBXSourcesBuildPhase section */
		37747C252470355D003BE056 /* Sources */ = {
			isa = PBXSourcesBuildPhase;
			buildActionMask = 2147483647;
			files = (
				37747C312470355D003BE056 /* CashViewController.swift in Sources */,
				37747C2D2470355D003BE056 /* AppDelegate.swift in Sources */,
				37FC8B15247840080009DDCD /* FoldsViewController.swift in Sources */,
				37747C2F2470355D003BE056 /* SceneDelegate.swift in Sources */,
				37C35A4F249AE87D00804CB3 /* SwipeTableViewController.swift in Sources */,
				37C35A2924980CB800804CB3 /* Fold.swift in Sources */,
			);
			runOnlyForDeploymentPostprocessing = 0;
		};
		37747C3B2470355E003BE056 /* Sources */ = {
			isa = PBXSourcesBuildPhase;
			buildActionMask = 2147483647;
			files = (
				37747C442470355E003BE056 /* BillFoldTests.swift in Sources */,
			);
			runOnlyForDeploymentPostprocessing = 0;
		};
		37747C462470355F003BE056 /* Sources */ = {
			isa = PBXSourcesBuildPhase;
			buildActionMask = 2147483647;
			files = (
				37747C4F2470355F003BE056 /* BillFoldUITests.swift in Sources */,
			);
			runOnlyForDeploymentPostprocessing = 0;
		};
/* End PBXSourcesBuildPhase section */

/* Begin PBXTargetDependency section */
		37747C412470355E003BE056 /* PBXTargetDependency */ = {
			isa = PBXTargetDependency;
			target = 37747C282470355D003BE056 /* BillFold */;
			targetProxy = 37747C402470355E003BE056 /* PBXContainerItemProxy */;
		};
		37747C4C2470355F003BE056 /* PBXTargetDependency */ = {
			isa = PBXTargetDependency;
			target = 37747C282470355D003BE056 /* BillFold */;
			targetProxy = 37747C4B2470355F003BE056 /* PBXContainerItemProxy */;
		};
/* End PBXTargetDependency section */

/* Begin PBXVariantGroup section */
		37747C322470355D003BE056 /* Main.storyboard */ = {
			isa = PBXVariantGroup;
			children = (
				37747C332470355D003BE056 /* Base */,
			);
			name = Main.storyboard;
			sourceTree = "<group>";
		};
		37747C372470355E003BE056 /* LaunchScreen.storyboard */ = {
			isa = PBXVariantGroup;
			children = (
				37747C382470355E003BE056 /* Base */,
			);
			name = LaunchScreen.storyboard;
			sourceTree = "<group>";
		};
/* End PBXVariantGroup section */

/* Begin XCBuildConfiguration section */
		37747C512470355F003BE056 /* Debug */ = {
			isa = XCBuildConfiguration;
			buildSettings = {
				ALWAYS_SEARCH_USER_PATHS = NO;
				CLANG_ANALYZER_NONNULL = YES;
				CLANG_ANALYZER_NUMBER_OBJECT_CONVERSION = YES_AGGRESSIVE;
				CLANG_CXX_LANGUAGE_STANDARD = "gnu++14";
				CLANG_CXX_LIBRARY = "libc++";
				CLANG_ENABLE_MODULES = YES;
				CLANG_ENABLE_OBJC_ARC = YES;
				CLANG_ENABLE_OBJC_WEAK = YES;
				CLANG_WARN_BLOCK_CAPTURE_AUTORELEASING = YES;
				CLANG_WARN_BOOL_CONVERSION = YES;
				CLANG_WARN_COMMA = YES;
				CLANG_WARN_CONSTANT_CONVERSION = YES;
				CLANG_WARN_DEPRECATED_OBJC_IMPLEMENTATIONS = YES;
				CLANG_WARN_DIRECT_OBJC_ISA_USAGE = YES_ERROR;
				CLANG_WARN_DOCUMENTATION_COMMENTS = YES;
				CLANG_WARN_EMPTY_BODY = YES;
				CLANG_WARN_ENUM_CONVERSION = YES;
				CLANG_WARN_INFINITE_RECURSION = YES;
				CLANG_WARN_INT_CONVERSION = YES;
				CLANG_WARN_NON_LITERAL_NULL_CONVERSION = YES;
				CLANG_WARN_OBJC_IMPLICIT_RETAIN_SELF = YES;
				CLANG_WARN_OBJC_LITERAL_CONVERSION = YES;
				CLANG_WARN_OBJC_ROOT_CLASS = YES_ERROR;
				CLANG_WARN_RANGE_LOOP_ANALYSIS = YES;
				CLANG_WARN_STRICT_PROTOTYPES = YES;
				CLANG_WARN_SUSPICIOUS_MOVE = YES;
				CLANG_WARN_UNGUARDED_AVAILABILITY = YES_AGGRESSIVE;
				CLANG_WARN_UNREACHABLE_CODE = YES;
				CLANG_WARN__DUPLICATE_METHOD_MATCH = YES;
				COPY_PHASE_STRIP = NO;
				DEBUG_INFORMATION_FORMAT = dwarf;
				ENABLE_STRICT_OBJC_MSGSEND = YES;
				ENABLE_TESTABILITY = YES;
				GCC_C_LANGUAGE_STANDARD = gnu11;
				GCC_DYNAMIC_NO_PIC = NO;
				GCC_NO_COMMON_BLOCKS = YES;
				GCC_OPTIMIZATION_LEVEL = 0;
				GCC_PREPROCESSOR_DEFINITIONS = (
					"DEBUG=1",
					"$(inherited)",
				);
				GCC_WARN_64_TO_32_BIT_CONVERSION = YES;
				GCC_WARN_ABOUT_RETURN_TYPE = YES_ERROR;
				GCC_WARN_UNDECLARED_SELECTOR = YES;
				GCC_WARN_UNINITIALIZED_AUTOS = YES_AGGRESSIVE;
				GCC_WARN_UNUSED_FUNCTION = YES;
				GCC_WARN_UNUSED_VARIABLE = YES;
				IPHONEOS_DEPLOYMENT_TARGET = 13.4;
				MTL_ENABLE_DEBUG_INFO = INCLUDE_SOURCE;
				MTL_FAST_MATH = YES;
				ONLY_ACTIVE_ARCH = YES;
				SDKROOT = iphoneos;
				SWIFT_ACTIVE_COMPILATION_CONDITIONS = DEBUG;
				SWIFT_OPTIMIZATION_LEVEL = "-Onone";
			};
			name = Debug;
		};
		37747C522470355F003BE056 /* Release */ = {
			isa = XCBuildConfiguration;
			buildSettings = {
				ALWAYS_SEARCH_USER_PATHS = NO;
				CLANG_ANALYZER_NONNULL = YES;
				CLANG_ANALYZER_NUMBER_OBJECT_CONVERSION = YES_AGGRESSIVE;
				CLANG_CXX_LANGUAGE_STANDARD = "gnu++14";
				CLANG_CXX_LIBRARY = "libc++";
				CLANG_ENABLE_MODULES = YES;
				CLANG_ENABLE_OBJC_ARC = YES;
				CLANG_ENABLE_OBJC_WEAK = YES;
				CLANG_WARN_BLOCK_CAPTURE_AUTORELEASING = YES;
				CLANG_WARN_BOOL_CONVERSION = YES;
				CLANG_WARN_COMMA = YES;
				CLANG_WARN_CONSTANT_CONVERSION = YES;
				CLANG_WARN_DEPRECATED_OBJC_IMPLEMENTATIONS = YES;
				CLANG_WARN_DIRECT_OBJC_ISA_USAGE = YES_ERROR;
				CLANG_WARN_DOCUMENTATION_COMMENTS = YES;
				CLANG_WARN_EMPTY_BODY = YES;
				CLANG_WARN_ENUM_CONVERSION = YES;
				CLANG_WARN_INFINITE_RECURSION = YES;
				CLANG_WARN_INT_CONVERSION = YES;
				CLANG_WARN_NON_LITERAL_NULL_CONVERSION = YES;
				CLANG_WARN_OBJC_IMPLICIT_RETAIN_SELF = YES;
				CLANG_WARN_OBJC_LITERAL_CONVERSION = YES;
				CLANG_WARN_OBJC_ROOT_CLASS = YES_ERROR;
				CLANG_WARN_RANGE_LOOP_ANALYSIS = YES;
				CLANG_WARN_STRICT_PROTOTYPES = YES;
				CLANG_WARN_SUSPICIOUS_MOVE = YES;
				CLANG_WARN_UNGUARDED_AVAILABILITY = YES_AGGRESSIVE;
				CLANG_WARN_UNREACHABLE_CODE = YES;
				CLANG_WARN__DUPLICATE_METHOD_MATCH = YES;
				COPY_PHASE_STRIP = NO;
				DEBUG_INFORMATION_FORMAT = "dwarf-with-dsym";
				ENABLE_NS_ASSERTIONS = NO;
				ENABLE_STRICT_OBJC_MSGSEND = YES;
				GCC_C_LANGUAGE_STANDARD = gnu11;
				GCC_NO_COMMON_BLOCKS = YES;
				GCC_WARN_64_TO_32_BIT_CONVERSION = YES;
				GCC_WARN_ABOUT_RETURN_TYPE = YES_ERROR;
				GCC_WARN_UNDECLARED_SELECTOR = YES;
				GCC_WARN_UNINITIALIZED_AUTOS = YES_AGGRESSIVE;
				GCC_WARN_UNUSED_FUNCTION = YES;
				GCC_WARN_UNUSED_VARIABLE = YES;
				IPHONEOS_DEPLOYMENT_TARGET = 13.4;
				MTL_ENABLE_DEBUG_INFO = NO;
				MTL_FAST_MATH = YES;
				SDKROOT = iphoneos;
				SWIFT_COMPILATION_MODE = wholemodule;
				SWIFT_OPTIMIZATION_LEVEL = "-O";
				VALIDATE_PRODUCT = YES;
			};
			name = Release;
		};
		37747C542470355F003BE056 /* Debug */ = {
			isa = XCBuildConfiguration;
			baseConfigurationReference = E37CE6C0A6A087A0D0E88AA4 /* Pods-BillFold.debug.xcconfig */;
			buildSettings = {
				CODE_SIGN_ENTITLEMENTS = BillFold/BillFold.entitlements;
				CODE_SIGN_STYLE = Automatic;
				DEVELOPMENT_TEAM = 664JGWQ6V7;
				INFOPLIST_FILE = BillFold/Info.plist;
				IPHONEOS_DEPLOYMENT_TARGET = 13.4;
				LD_RUNPATH_SEARCH_PATHS = (
					"$(inherited)",
					"@executable_path/Frameworks",
				);
				PRODUCT_BUNDLE_IDENTIFIER = SPS.BillFold;
				PRODUCT_NAME = "$(TARGET_NAME)";
				SUPPORTS_MACCATALYST = NO;
				SWIFT_VERSION = 5.0;
				TARGETED_DEVICE_FAMILY = "1,2";
			};
			name = Debug;
		};
		37747C552470355F003BE056 /* Release */ = {
			isa = XCBuildConfiguration;
			baseConfigurationReference = 12B34C35F73102421844AE94 /* Pods-BillFold.release.xcconfig */;
			buildSettings = {
				CODE_SIGN_ENTITLEMENTS = BillFold/BillFold.entitlements;
				CODE_SIGN_STYLE = Automatic;
				DEVELOPMENT_TEAM = 664JGWQ6V7;
				INFOPLIST_FILE = BillFold/Info.plist;
				IPHONEOS_DEPLOYMENT_TARGET = 13.4;
				LD_RUNPATH_SEARCH_PATHS = (
					"$(inherited)",
					"@executable_path/Frameworks",
				);
				PRODUCT_BUNDLE_IDENTIFIER = SPS.BillFold;
				PRODUCT_NAME = "$(TARGET_NAME)";
				SUPPORTS_MACCATALYST = NO;
				SWIFT_VERSION = 5.0;
				TARGETED_DEVICE_FAMILY = "1,2";
			};
			name = Release;
		};
		37747C572470355F003BE056 /* Debug */ = {
			isa = XCBuildConfiguration;
			baseConfigurationReference = AF933EBE024176A01830827B /* Pods-BillFoldTests.debug.xcconfig */;
			buildSettings = {
				ALWAYS_EMBED_SWIFT_STANDARD_LIBRARIES = YES;
				BUNDLE_LOADER = "$(TEST_HOST)";
				CODE_SIGN_STYLE = Automatic;
				DEVELOPMENT_TEAM = 664JGWQ6V7;
				INFOPLIST_FILE = BillFoldTests/Info.plist;
				IPHONEOS_DEPLOYMENT_TARGET = 13.4;
				LD_RUNPATH_SEARCH_PATHS = (
					"$(inherited)",
					"@executable_path/Frameworks",
					"@loader_path/Frameworks",
				);
				PRODUCT_BUNDLE_IDENTIFIER = SPS.BillFoldTests;
				PRODUCT_NAME = "$(TARGET_NAME)";
				SWIFT_VERSION = 5.0;
				TARGETED_DEVICE_FAMILY = "1,2";
				TEST_HOST = "$(BUILT_PRODUCTS_DIR)/BillFold.app/BillFold";
			};
			name = Debug;
		};
		37747C582470355F003BE056 /* Release */ = {
			isa = XCBuildConfiguration;
			baseConfigurationReference = 6B9F6EE13B7AB8B7CEB7BF55 /* Pods-BillFoldTests.release.xcconfig */;
			buildSettings = {
				ALWAYS_EMBED_SWIFT_STANDARD_LIBRARIES = YES;
				BUNDLE_LOADER = "$(TEST_HOST)";
				CODE_SIGN_STYLE = Automatic;
				DEVELOPMENT_TEAM = 664JGWQ6V7;
				INFOPLIST_FILE = BillFoldTests/Info.plist;
				IPHONEOS_DEPLOYMENT_TARGET = 13.4;
				LD_RUNPATH_SEARCH_PATHS = (
					"$(inherited)",
					"@executable_path/Frameworks",
					"@loader_path/Frameworks",
				);
				PRODUCT_BUNDLE_IDENTIFIER = SPS.BillFoldTests;
				PRODUCT_NAME = "$(TARGET_NAME)";
				SWIFT_VERSION = 5.0;
				TARGETED_DEVICE_FAMILY = "1,2";
				TEST_HOST = "$(BUILT_PRODUCTS_DIR)/BillFold.app/BillFold";
			};
			name = Release;
		};
		37747C5A2470355F003BE056 /* Debug */ = {
			isa = XCBuildConfiguration;
			baseConfigurationReference = C47B1AB26D3A302EAFD63E8F /* Pods-BillFold-BillFoldUITests.debug.xcconfig */;
			buildSettings = {
				ALWAYS_EMBED_SWIFT_STANDARD_LIBRARIES = YES;
				CODE_SIGN_STYLE = Automatic;
				DEVELOPMENT_TEAM = 664JGWQ6V7;
				INFOPLIST_FILE = BillFoldUITests/Info.plist;
				LD_RUNPATH_SEARCH_PATHS = (
					"$(inherited)",
					"@executable_path/Frameworks",
					"@loader_path/Frameworks",
				);
				PRODUCT_BUNDLE_IDENTIFIER = SPS.BillFoldUITests;
				PRODUCT_NAME = "$(TARGET_NAME)";
				SWIFT_VERSION = 5.0;
				TARGETED_DEVICE_FAMILY = "1,2";
				TEST_TARGET_NAME = BillFold;
			};
			name = Debug;
		};
		37747C5B2470355F003BE056 /* Release */ = {
			isa = XCBuildConfiguration;
			baseConfigurationReference = B8D33321478142FBFA88C3DE /* Pods-BillFold-BillFoldUITests.release.xcconfig */;
			buildSettings = {
				ALWAYS_EMBED_SWIFT_STANDARD_LIBRARIES = YES;
				CODE_SIGN_STYLE = Automatic;
				DEVELOPMENT_TEAM = 664JGWQ6V7;
				INFOPLIST_FILE = BillFoldUITests/Info.plist;
				LD_RUNPATH_SEARCH_PATHS = (
					"$(inherited)",
					"@executable_path/Frameworks",
					"@loader_path/Frameworks",
				);
				PRODUCT_BUNDLE_IDENTIFIER = SPS.BillFoldUITests;
				PRODUCT_NAME = "$(TARGET_NAME)";
				SWIFT_VERSION = 5.0;
				TARGETED_DEVICE_FAMILY = "1,2";
				TEST_TARGET_NAME = BillFold;
			};
			name = Release;
		};
/* End XCBuildConfiguration section */

/* Begin XCConfigurationList section */
		37747C242470355D003BE056 /* Build configuration list for PBXProject "BillFold" */ = {
			isa = XCConfigurationList;
			buildConfigurations = (
				37747C512470355F003BE056 /* Debug */,
				37747C522470355F003BE056 /* Release */,
			);
			defaultConfigurationIsVisible = 0;
			defaultConfigurationName = Release;
		};
		37747C532470355F003BE056 /* Build configuration list for PBXNativeTarget "BillFold" */ = {
			isa = XCConfigurationList;
			buildConfigurations = (
				37747C542470355F003BE056 /* Debug */,
				37747C552470355F003BE056 /* Release */,
			);
			defaultConfigurationIsVisible = 0;
			defaultConfigurationName = Release;
		};
		37747C562470355F003BE056 /* Build configuration list for PBXNativeTarget "BillFoldTests" */ = {
			isa = XCConfigurationList;
			buildConfigurations = (
				37747C572470355F003BE056 /* Debug */,
				37747C582470355F003BE056 /* Release */,
			);
			defaultConfigurationIsVisible = 0;
			defaultConfigurationName = Release;
		};
		37747C592470355F003BE056 /* Build configuration list for PBXNativeTarget "BillFoldUITests" */ = {
			isa = XCConfigurationList;
			buildConfigurations = (
				37747C5A2470355F003BE056 /* Debug */,
				37747C5B2470355F003BE056 /* Release */,
			);
			defaultConfigurationIsVisible = 0;
			defaultConfigurationName = Release;
		};
/* End XCConfigurationList section */
	};
	rootObject = 37747C212470355D003BE056 /* Project object */;
}
